// !$*UTF8*$!
{
	archiveVersion = 1;
	classes = {
	};
	objectVersion = 50;
	objects = {

/* Begin PBXBuildFile section */
		9AFB2E9322E932BC00D4EB32 /* AppDelegate.m in Sources */ = {isa = PBXBuildFile; fileRef = 9AFB2E9222E932BC00D4EB32 /* AppDelegate.m */; };
		9AFB2E9622E932BC00D4EB32 /* ViewController.m in Sources */ = {isa = PBXBuildFile; fileRef = 9AFB2E9522E932BC00D4EB32 /* ViewController.m */; };
		9AFB2E9922E932BC00D4EB32 /* Main.storyboard in Resources */ = {isa = PBXBuildFile; fileRef = 9AFB2E9722E932BC00D4EB32 /* Main.storyboard */; };
		9AFB2E9B22E932BE00D4EB32 /* Assets.xcassets in Resources */ = {isa = PBXBuildFile; fileRef = 9AFB2E9A22E932BE00D4EB32 /* Assets.xcassets */; };
		9AFB2E9E22E932BE00D4EB32 /* LaunchScreen.storyboard in Resources */ = {isa = PBXBuildFile; fileRef = 9AFB2E9C22E932BE00D4EB32 /* LaunchScreen.storyboard */; };
		9AFB2EA122E932BE00D4EB32 /* main.m in Sources */ = {isa = PBXBuildFile; fileRef = 9AFB2EA022E932BE00D4EB32 /* main.m */; };
		9AFB2EAB22E932BE00D4EB32 /* wdyCategoryTests.m in Sources */ = {isa = PBXBuildFile; fileRef = 9AFB2EAA22E932BE00D4EB32 /* wdyCategoryTests.m */; };
		9AFB2EB622E932BE00D4EB32 /* wdyCategoryUITests.m in Sources */ = {isa = PBXBuildFile; fileRef = 9AFB2EB522E932BE00D4EB32 /* wdyCategoryUITests.m */; };
		9AFB2F0922E9553000D4EB32 /* UINavigationBar+Awesome.m in Sources */ = {isa = PBXBuildFile; fileRef = 9AFB2ECC22E9552B00D4EB32 /* UINavigationBar+Awesome.m */; };
		9AFB2F0A22E9553000D4EB32 /* UIBarButtonItem+TXAdditions.m in Sources */ = {isa = PBXBuildFile; fileRef = 9AFB2ECE22E9552B00D4EB32 /* UIBarButtonItem+TXAdditions.m */; };
		9AFB2F0B22E9553000D4EB32 /* UIView+TXAdditions.m in Sources */ = {isa = PBXBuildFile; fileRef = 9AFB2ECF22E9552B00D4EB32 /* UIView+TXAdditions.m */; };
		9AFB2F0C22E9553000D4EB32 /* NSString+TXCategory.m in Sources */ = {isa = PBXBuildFile; fileRef = 9AFB2ED022E9552B00D4EB32 /* NSString+TXCategory.m */; };
		9AFB2F0D22E9553000D4EB32 /* UIImage+TXBundle.m in Sources */ = {isa = PBXBuildFile; fileRef = 9AFB2ED122E9552B00D4EB32 /* UIImage+TXBundle.m */; };
		9AFB2F0E22E9553000D4EB32 /* UIViewController+TXDealloc.m in Sources */ = {isa = PBXBuildFile; fileRef = 9AFB2ED422E9552C00D4EB32 /* UIViewController+TXDealloc.m */; };
		9AFB2F0F22E9553000D4EB32 /* UIImageView+TXImageView.m in Sources */ = {isa = PBXBuildFile; fileRef = 9AFB2ED522E9552C00D4EB32 /* UIImageView+TXImageView.m */; };
		9AFB2F1022E9553000D4EB32 /* UITextField+Provider.m in Sources */ = {isa = PBXBuildFile; fileRef = 9AFB2EDB22E9552C00D4EB32 /* UITextField+Provider.m */; };
		9AFB2F1122E9553000D4EB32 /* MBProgressHUD+TXAdd.m in Sources */ = {isa = PBXBuildFile; fileRef = 9AFB2EDC22E9552C00D4EB32 /* MBProgressHUD+TXAdd.m */; };
		9AFB2F1222E9553000D4EB32 /* UITabBar+TXAdditions.m in Sources */ = {isa = PBXBuildFile; fileRef = 9AFB2EDE22E9552C00D4EB32 /* UITabBar+TXAdditions.m */; };
		9AFB2F1322E9553000D4EB32 /* NSData+GZip.m in Sources */ = {isa = PBXBuildFile; fileRef = 9AFB2EDF22E9552C00D4EB32 /* NSData+GZip.m */; };
		9AFB2F1422E9553000D4EB32 /* UIImage+TXCornerImage.m in Sources */ = {isa = PBXBuildFile; fileRef = 9AFB2EE122E9552C00D4EB32 /* UIImage+TXCornerImage.m */; };
		9AFB2F1522E9553000D4EB32 /* UISearchController+RAC.m in Sources */ = {isa = PBXBuildFile; fileRef = 9AFB2EE322E9552D00D4EB32 /* UISearchController+RAC.m */; };
		9AFB2F1622E9553000D4EB32 /* UISearchBar+RAC.m in Sources */ = {isa = PBXBuildFile; fileRef = 9AFB2EE422E9552D00D4EB32 /* UISearchBar+RAC.m */; };
		9AFB2F1722E9553000D4EB32 /* UIView+TXExtension.m in Sources */ = {isa = PBXBuildFile; fileRef = 9AFB2EE522E9552D00D4EB32 /* UIView+TXExtension.m */; };
		9AFB2F1822E9553000D4EB32 /* NSObject+NullSafe.m in Sources */ = {isa = PBXBuildFile; fileRef = 9AFB2EE622E9552D00D4EB32 /* NSObject+NullSafe.m */; };
		9AFB2F1922E9553000D4EB32 /* UIView+MKBadgeValue.m in Sources */ = {isa = PBXBuildFile; fileRef = 9AFB2EE822E9552D00D4EB32 /* UIView+MKBadgeValue.m */; };
		9AFB2F1A22E9553000D4EB32 /* SAMKeychain+TXUtil.m in Sources */ = {isa = PBXBuildFile; fileRef = 9AFB2EF122E9552E00D4EB32 /* SAMKeychain+TXUtil.m */; };
		9AFB2F1B22E9553000D4EB32 /* NSDate+TXAdditions.m in Sources */ = {isa = PBXBuildFile; fileRef = 9AFB2EF322E9552E00D4EB32 /* NSDate+TXAdditions.m */; };
		9AFB2F1C22E9553000D4EB32 /* UIFont+TXFont.m in Sources */ = {isa = PBXBuildFile; fileRef = 9AFB2EF422E9552E00D4EB32 /* UIFont+TXFont.m */; };
		9AFB2F1D22E9553000D4EB32 /* NSObject+TXCopying.m in Sources */ = {isa = PBXBuildFile; fileRef = 9AFB2EF522E9552E00D4EB32 /* NSObject+TXCopying.m */; };
		9AFB2F1E22E9553000D4EB32 /* UILabel+TXInit.m in Sources */ = {isa = PBXBuildFile; fileRef = 9AFB2EF622E9552E00D4EB32 /* UILabel+TXInit.m */; };
		9AFB2F1F22E9553000D4EB32 /* UILabel+Additions.m in Sources */ = {isa = PBXBuildFile; fileRef = 9AFB2EF822E9552E00D4EB32 /* UILabel+Additions.m */; };
		9AFB2F2022E9553000D4EB32 /* UIViewController+TXSystemBackButtonHandler.m in Sources */ = {isa = PBXBuildFile; fileRef = 9AFB2EF922E9552E00D4EB32 /* UIViewController+TXSystemBackButtonHandler.m */; };
		9AFB2F2122E9553000D4EB32 /* YYCache+TXAdditions.m in Sources */ = {isa = PBXBuildFile; fileRef = 9AFB2EFB22E9552F00D4EB32 /* YYCache+TXAdditions.m */; };
		9AFB2F2222E9553000D4EB32 /* NSBundle+TXUtilsAddition.m in Sources */ = {isa = PBXBuildFile; fileRef = 9AFB2EFC22E9552F00D4EB32 /* NSBundle+TXUtilsAddition.m */; };
		9AFB2F2322E9553000D4EB32 /* NSObject+TXSelector.m in Sources */ = {isa = PBXBuildFile; fileRef = 9AFB2EFE22E9552F00D4EB32 /* NSObject+TXSelector.m */; };
		9AFB2F2422E9553000D4EB32 /* UISearchBar+TXAdd.m in Sources */ = {isa = PBXBuildFile; fileRef = 9AFB2EFF22E9552F00D4EB32 /* UISearchBar+TXAdd.m */; };
		9AFB2F2522E9553000D4EB32 /* UIButton+TXInit.m in Sources */ = {isa = PBXBuildFile; fileRef = 9AFB2F0722E9553000D4EB32 /* UIButton+TXInit.m */; };
		9AFB2F2622E9553000D4EB32 /* NSMutableParagraphStyle+BM.m in Sources */ = {isa = PBXBuildFile; fileRef = 9AFB2F0822E9553000D4EB32 /* NSMutableParagraphStyle+BM.m */; };
/* End PBXBuildFile section */

/* Begin PBXContainerItemProxy section */
		9AFB2EA722E932BE00D4EB32 /* PBXContainerItemProxy */ = {
			isa = PBXContainerItemProxy;
			containerPortal = 9AFB2E8622E932BC00D4EB32 /* Project object */;
			proxyType = 1;
			remoteGlobalIDString = 9AFB2E8D22E932BC00D4EB32;
			remoteInfo = wdyCategory;
		};
		9AFB2EB222E932BE00D4EB32 /* PBXContainerItemProxy */ = {
			isa = PBXContainerItemProxy;
			containerPortal = 9AFB2E8622E932BC00D4EB32 /* Project object */;
			proxyType = 1;
			remoteGlobalIDString = 9AFB2E8D22E932BC00D4EB32;
			remoteInfo = wdyCategory;
		};
/* End PBXContainerItemProxy section */

/* Begin PBXFileReference section */
		9AFB2E8E22E932BC00D4EB32 /* wdyCategory.app */ = {isa = PBXFileReference; explicitFileType = wrapper.application; includeInIndex = 0; path = wdyCategory.app; sourceTree = BUILT_PRODUCTS_DIR; };
		9AFB2E9122E932BC00D4EB32 /* AppDelegate.h */ = {isa = PBXFileReference; lastKnownFileType = sourcecode.c.h; path = AppDelegate.h; sourceTree = "<group>"; };
		9AFB2E9222E932BC00D4EB32 /* AppDelegate.m */ = {isa = PBXFileReference; lastKnownFileType = sourcecode.c.objc; path = AppDelegate.m; sourceTree = "<group>"; };
		9AFB2E9422E932BC00D4EB32 /* ViewController.h */ = {isa = PBXFileReference; lastKnownFileType = sourcecode.c.h; path = ViewController.h; sourceTree = "<group>"; };
		9AFB2E9522E932BC00D4EB32 /* ViewController.m */ = {isa = PBXFileReference; lastKnownFileType = sourcecode.c.objc; path = ViewController.m; sourceTree = "<group>"; };
		9AFB2E9822E932BC00D4EB32 /* Base */ = {isa = PBXFileReference; lastKnownFileType = file.storyboard; name = Base; path = Base.lproj/Main.storyboard; sourceTree = "<group>"; };
		9AFB2E9A22E932BE00D4EB32 /* Assets.xcassets */ = {isa = PBXFileReference; lastKnownFileType = folder.assetcatalog; path = Assets.xcassets; sourceTree = "<group>"; };
		9AFB2E9D22E932BE00D4EB32 /* Base */ = {isa = PBXFileReference; lastKnownFileType = file.storyboard; name = Base; path = Base.lproj/LaunchScreen.storyboard; sourceTree = "<group>"; };
		9AFB2E9F22E932BE00D4EB32 /* Info.plist */ = {isa = PBXFileReference; lastKnownFileType = text.plist.xml; path = Info.plist; sourceTree = "<group>"; };
		9AFB2EA022E932BE00D4EB32 /* main.m */ = {isa = PBXFileReference; lastKnownFileType = sourcecode.c.objc; path = main.m; sourceTree = "<group>"; };
		9AFB2EA622E932BE00D4EB32 /* wdyCategoryTests.xctest */ = {isa = PBXFileReference; explicitFileType = wrapper.cfbundle; includeInIndex = 0; path = wdyCategoryTests.xctest; sourceTree = BUILT_PRODUCTS_DIR; };
		9AFB2EAA22E932BE00D4EB32 /* wdyCategoryTests.m */ = {isa = PBXFileReference; lastKnownFileType = sourcecode.c.objc; path = wdyCategoryTests.m; sourceTree = "<group>"; };
		9AFB2EAC22E932BE00D4EB32 /* Info.plist */ = {isa = PBXFileReference; lastKnownFileType = text.plist.xml; path = Info.plist; sourceTree = "<group>"; };
		9AFB2EB122E932BE00D4EB32 /* wdyCategoryUITests.xctest */ = {isa = PBXFileReference; explicitFileType = wrapper.cfbundle; includeInIndex = 0; path = wdyCategoryUITests.xctest; sourceTree = BUILT_PRODUCTS_DIR; };
		9AFB2EB522E932BE00D4EB32 /* wdyCategoryUITests.m */ = {isa = PBXFileReference; lastKnownFileType = sourcecode.c.objc; path = wdyCategoryUITests.m; sourceTree = "<group>"; };
		9AFB2EB722E932BE00D4EB32 /* Info.plist */ = {isa = PBXFileReference; lastKnownFileType = text.plist.xml; path = Info.plist; sourceTree = "<group>"; };
		9AFB2ECB22E9552B00D4EB32 /* NSMutableParagraphStyle+BM.h */ = {isa = PBXFileReference; fileEncoding = 4; lastKnownFileType = sourcecode.c.h; path = "NSMutableParagraphStyle+BM.h"; sourceTree = "<group>"; };
		9AFB2ECC22E9552B00D4EB32 /* UINavigationBar+Awesome.m */ = {isa = PBXFileReference; fileEncoding = 4; lastKnownFileType = sourcecode.c.objc; path = "UINavigationBar+Awesome.m"; sourceTree = "<group>"; };
		9AFB2ECD22E9552B00D4EB32 /* UILabel+Additions.h */ = {isa = PBXFileReference; fileEncoding = 4; lastKnownFileType = sourcecode.c.h; path = "UILabel+Additions.h"; sourceTree = "<group>"; };
		9AFB2ECE22E9552B00D4EB32 /* UIBarButtonItem+TXAdditions.m */ = {isa = PBXFileReference; fileEncoding = 4; lastKnownFileType = sourcecode.c.objc; path = "UIBarButtonItem+TXAdditions.m"; sourceTree = "<group>"; };
		9AFB2ECF22E9552B00D4EB32 /* UIView+TXAdditions.m */ = {isa = PBXFileReference; fileEncoding = 4; lastKnownFileType = sourcecode.c.objc; path = "UIView+TXAdditions.m"; sourceTree = "<group>"; };
		9AFB2ED022E9552B00D4EB32 /* NSString+TXCategory.m */ = {isa = PBXFileReference; fileEncoding = 4; lastKnownFileType = sourcecode.c.objc; path = "NSString+TXCategory.m"; sourceTree = "<group>"; };
		9AFB2ED122E9552B00D4EB32 /* UIImage+TXBundle.m */ = {isa = PBXFileReference; fileEncoding = 4; lastKnownFileType = sourcecode.c.objc; path = "UIImage+TXBundle.m"; sourceTree = "<group>"; };
		9AFB2ED222E9552B00D4EB32 /* NSDate+TXAdditions.h */ = {isa = PBXFileReference; fileEncoding = 4; lastKnownFileType = sourcecode.c.h; path = "NSDate+TXAdditions.h"; sourceTree = "<group>"; };
		9AFB2ED322E9552C00D4EB32 /* NSData+GZip.h */ = {isa = PBXFileReference; fileEncoding = 4; lastKnownFileType = sourcecode.c.h; path = "NSData+GZip.h"; sourceTree = "<group>"; };
		9AFB2ED422E9552C00D4EB32 /* UIViewController+TXDealloc.m */ = {isa = PBXFileReference; fileEncoding = 4; lastKnownFileType = sourcecode.c.objc; path = "UIViewController+TXDealloc.m"; sourceTree = "<group>"; };
		9AFB2ED522E9552C00D4EB32 /* UIImageView+TXImageView.m */ = {isa = PBXFileReference; fileEncoding = 4; lastKnownFileType = sourcecode.c.objc; path = "UIImageView+TXImageView.m"; sourceTree = "<group>"; };
		9AFB2ED622E9552C00D4EB32 /* UILabel+TXInit.h */ = {isa = PBXFileReference; fileEncoding = 4; lastKnownFileType = sourcecode.c.h; path = "UILabel+TXInit.h"; sourceTree = "<group>"; };
		9AFB2ED722E9552C00D4EB32 /* UIViewController+TXSystemBackButtonHandler.h */ = {isa = PBXFileReference; fileEncoding = 4; lastKnownFileType = sourcecode.c.h; path = "UIViewController+TXSystemBackButtonHandler.h"; sourceTree = "<group>"; };
		9AFB2ED822E9552C00D4EB32 /* YYCache+TXAdditions.h */ = {isa = PBXFileReference; fileEncoding = 4; lastKnownFileType = sourcecode.c.h; path = "YYCache+TXAdditions.h"; sourceTree = "<group>"; };
		9AFB2ED922E9552C00D4EB32 /* UIButton+TXInit.h */ = {isa = PBXFileReference; fileEncoding = 4; lastKnownFileType = sourcecode.c.h; path = "UIButton+TXInit.h"; sourceTree = "<group>"; };
		9AFB2EDA22E9552C00D4EB32 /* MBProgressHUD+TXAdd.h */ = {isa = PBXFileReference; fileEncoding = 4; lastKnownFileType = sourcecode.c.h; path = "MBProgressHUD+TXAdd.h"; sourceTree = "<group>"; };
		9AFB2EDB22E9552C00D4EB32 /* UITextField+Provider.m */ = {isa = PBXFileReference; fileEncoding = 4; lastKnownFileType = sourcecode.c.objc; path = "UITextField+Provider.m"; sourceTree = "<group>"; };
		9AFB2EDC22E9552C00D4EB32 /* MBProgressHUD+TXAdd.m */ = {isa = PBXFileReference; fileEncoding = 4; lastKnownFileType = sourcecode.c.objc; path = "MBProgressHUD+TXAdd.m"; sourceTree = "<group>"; };
		9AFB2EDD22E9552C00D4EB32 /* UITabBar+TXAdditions.h */ = {isa = PBXFileReference; fileEncoding = 4; lastKnownFileType = sourcecode.c.h; path = "UITabBar+TXAdditions.h"; sourceTree = "<group>"; };
		9AFB2EDE22E9552C00D4EB32 /* UITabBar+TXAdditions.m */ = {isa = PBXFileReference; fileEncoding = 4; lastKnownFileType = sourcecode.c.objc; path = "UITabBar+TXAdditions.m"; sourceTree = "<group>"; };
		9AFB2EDF22E9552C00D4EB32 /* NSData+GZip.m */ = {isa = PBXFileReference; fileEncoding = 4; lastKnownFileType = sourcecode.c.objc; path = "NSData+GZip.m"; sourceTree = "<group>"; };
		9AFB2EE022E9552C00D4EB32 /* NSString+TXCategory.h */ = {isa = PBXFileReference; fileEncoding = 4; lastKnownFileType = sourcecode.c.h; path = "NSString+TXCategory.h"; sourceTree = "<group>"; };
		9AFB2EE122E9552C00D4EB32 /* UIImage+TXCornerImage.m */ = {isa = PBXFileReference; fileEncoding = 4; lastKnownFileType = sourcecode.c.objc; path = "UIImage+TXCornerImage.m"; sourceTree = "<group>"; };
		9AFB2EE222E9552C00D4EB32 /* UIImageView+TXImageView.h */ = {isa = PBXFileReference; fileEncoding = 4; lastKnownFileType = sourcecode.c.h; path = "UIImageView+TXImageView.h"; sourceTree = "<group>"; };
		9AFB2EE322E9552D00D4EB32 /* UISearchController+RAC.m */ = {isa = PBXFileReference; fileEncoding = 4; lastKnownFileType = sourcecode.c.objc; path = "UISearchController+RAC.m"; sourceTree = "<group>"; };
		9AFB2EE422E9552D00D4EB32 /* UISearchBar+RAC.m */ = {isa = PBXFileReference; fileEncoding = 4; lastKnownFileType = sourcecode.c.objc; path = "UISearchBar+RAC.m"; sourceTree = "<group>"; };
		9AFB2EE522E9552D00D4EB32 /* UIView+TXExtension.m */ = {isa = PBXFileReference; fileEncoding = 4; lastKnownFileType = sourcecode.c.objc; path = "UIView+TXExtension.m"; sourceTree = "<group>"; };
		9AFB2EE622E9552D00D4EB32 /* NSObject+NullSafe.m */ = {isa = PBXFileReference; fileEncoding = 4; lastKnownFileType = sourcecode.c.objc; path = "NSObject+NullSafe.m"; sourceTree = "<group>"; };
		9AFB2EE722E9552D00D4EB32 /* UIFont+TXFont.h */ = {isa = PBXFileReference; fileEncoding = 4; lastKnownFileType = sourcecode.c.h; path = "UIFont+TXFont.h"; sourceTree = "<group>"; };
		9AFB2EE822E9552D00D4EB32 /* UIView+MKBadgeValue.m */ = {isa = PBXFileReference; fileEncoding = 4; lastKnownFileType = sourcecode.c.objc; path = "UIView+MKBadgeValue.m"; sourceTree = "<group>"; };
		9AFB2EE922E9552D00D4EB32 /* UIViewController+TXDealloc.h */ = {isa = PBXFileReference; fileEncoding = 4; lastKnownFileType = sourcecode.c.h; path = "UIViewController+TXDealloc.h"; sourceTree = "<group>"; };
		9AFB2EEA22E9552D00D4EB32 /* TXUtilsCatogery.h */ = {isa = PBXFileReference; fileEncoding = 4; lastKnownFileType = sourcecode.c.h; path = TXUtilsCatogery.h; sourceTree = "<group>"; };
		9AFB2EEB22E9552D00D4EB32 /* NSObject+TXCopying.h */ = {isa = PBXFileReference; fileEncoding = 4; lastKnownFileType = sourcecode.c.h; path = "NSObject+TXCopying.h"; sourceTree = "<group>"; };
		9AFB2EEC22E9552D00D4EB32 /* UIView+TXAdditions.h */ = {isa = PBXFileReference; fileEncoding = 4; lastKnownFileType = sourcecode.c.h; path = "UIView+TXAdditions.h"; sourceTree = "<group>"; };
		9AFB2EED22E9552D00D4EB32 /* NSObject+NullSafe.h */ = {isa = PBXFileReference; fileEncoding = 4; lastKnownFileType = sourcecode.c.h; path = "NSObject+NullSafe.h"; sourceTree = "<group>"; };
		9AFB2EEE22E9552D00D4EB32 /* UIImage+TXBundle.h */ = {isa = PBXFileReference; fileEncoding = 4; lastKnownFileType = sourcecode.c.h; path = "UIImage+TXBundle.h"; sourceTree = "<group>"; };
		9AFB2EEF22E9552E00D4EB32 /* NSBundle+TXUtilsAddition.h */ = {isa = PBXFileReference; fileEncoding = 4; lastKnownFileType = sourcecode.c.h; path = "NSBundle+TXUtilsAddition.h"; sourceTree = "<group>"; };
		9AFB2EF022E9552E00D4EB32 /* UIImage+TXCornerImage.h */ = {isa = PBXFileReference; fileEncoding = 4; lastKnownFileType = sourcecode.c.h; path = "UIImage+TXCornerImage.h"; sourceTree = "<group>"; };
		9AFB2EF122E9552E00D4EB32 /* SAMKeychain+TXUtil.m */ = {isa = PBXFileReference; fileEncoding = 4; lastKnownFileType = sourcecode.c.objc; path = "SAMKeychain+TXUtil.m"; sourceTree = "<group>"; };
		9AFB2EF222E9552E00D4EB32 /* SAMKeychain+TXUtil.h */ = {isa = PBXFileReference; fileEncoding = 4; lastKnownFileType = sourcecode.c.h; path = "SAMKeychain+TXUtil.h"; sourceTree = "<group>"; };
		9AFB2EF322E9552E00D4EB32 /* NSDate+TXAdditions.m */ = {isa = PBXFileReference; fileEncoding = 4; lastKnownFileType = sourcecode.c.objc; path = "NSDate+TXAdditions.m"; sourceTree = "<group>"; };
		9AFB2EF422E9552E00D4EB32 /* UIFont+TXFont.m */ = {isa = PBXFileReference; fileEncoding = 4; lastKnownFileType = sourcecode.c.objc; path = "UIFont+TXFont.m"; sourceTree = "<group>"; };
		9AFB2EF522E9552E00D4EB32 /* NSObject+TXCopying.m */ = {isa = PBXFileReference; fileEncoding = 4; lastKnownFileType = sourcecode.c.objc; path = "NSObject+TXCopying.m"; sourceTree = "<group>"; };
		9AFB2EF622E9552E00D4EB32 /* UILabel+TXInit.m */ = {isa = PBXFileReference; fileEncoding = 4; lastKnownFileType = sourcecode.c.objc; path = "UILabel+TXInit.m"; sourceTree = "<group>"; };
		9AFB2EF722E9552E00D4EB32 /* UISearchBar+RAC.h */ = {isa = PBXFileReference; fileEncoding = 4; lastKnownFileType = sourcecode.c.h; path = "UISearchBar+RAC.h"; sourceTree = "<group>"; };
		9AFB2EF822E9552E00D4EB32 /* UILabel+Additions.m */ = {isa = PBXFileReference; fileEncoding = 4; lastKnownFileType = sourcecode.c.objc; path = "UILabel+Additions.m"; sourceTree = "<group>"; };
		9AFB2EF922E9552E00D4EB32 /* UIViewController+TXSystemBackButtonHandler.m */ = {isa = PBXFileReference; fileEncoding = 4; lastKnownFileType = sourcecode.c.objc; path = "UIViewController+TXSystemBackButtonHandler.m"; sourceTree = "<group>"; };
		9AFB2EFA22E9552E00D4EB32 /* UIBarButtonItem+TXAdditions.h */ = {isa = PBXFileReference; fileEncoding = 4; lastKnownFileType = sourcecode.c.h; path = "UIBarButtonItem+TXAdditions.h"; sourceTree = "<group>"; };
		9AFB2EFB22E9552F00D4EB32 /* YYCache+TXAdditions.m */ = {isa = PBXFileReference; fileEncoding = 4; lastKnownFileType = sourcecode.c.objc; path = "YYCache+TXAdditions.m"; sourceTree = "<group>"; };
		9AFB2EFC22E9552F00D4EB32 /* NSBundle+TXUtilsAddition.m */ = {isa = PBXFileReference; fileEncoding = 4; lastKnownFileType = sourcecode.c.objc; path = "NSBundle+TXUtilsAddition.m"; sourceTree = "<group>"; };
		9AFB2EFD22E9552F00D4EB32 /* UIView+MKBadgeValue.h */ = {isa = PBXFileReference; fileEncoding = 4; lastKnownFileType = sourcecode.c.h; path = "UIView+MKBadgeValue.h"; sourceTree = "<group>"; };
		9AFB2EFE22E9552F00D4EB32 /* NSObject+TXSelector.m */ = {isa = PBXFileReference; fileEncoding = 4; lastKnownFileType = sourcecode.c.objc; path = "NSObject+TXSelector.m"; sourceTree = "<group>"; };
		9AFB2EFF22E9552F00D4EB32 /* UISearchBar+TXAdd.m */ = {isa = PBXFileReference; fileEncoding = 4; lastKnownFileType = sourcecode.c.objc; path = "UISearchBar+TXAdd.m"; sourceTree = "<group>"; };
		9AFB2F0022E9552F00D4EB32 /* UIColor_TXHexColor.h */ = {isa = PBXFileReference; fileEncoding = 4; lastKnownFileType = sourcecode.c.h; path = UIColor_TXHexColor.h; sourceTree = "<group>"; };
		9AFB2F0122E9552F00D4EB32 /* UISearchBar+TXAdd.h */ = {isa = PBXFileReference; fileEncoding = 4; lastKnownFileType = sourcecode.c.h; path = "UISearchBar+TXAdd.h"; sourceTree = "<group>"; };
		9AFB2F0222E9552F00D4EB32 /* UISearchController+RAC.h */ = {isa = PBXFileReference; fileEncoding = 4; lastKnownFileType = sourcecode.c.h; path = "UISearchController+RAC.h"; sourceTree = "<group>"; };
		9AFB2F0322E9552F00D4EB32 /* UINavigationBar+Awesome.h */ = {isa = PBXFileReference; fileEncoding = 4; lastKnownFileType = sourcecode.c.h; path = "UINavigationBar+Awesome.h"; sourceTree = "<group>"; };
		9AFB2F0422E9552F00D4EB32 /* UITextField+Provider.h */ = {isa = PBXFileReference; fileEncoding = 4; lastKnownFileType = sourcecode.c.h; path = "UITextField+Provider.h"; sourceTree = "<group>"; };
		9AFB2F0522E9553000D4EB32 /* UIView+TXExtension.h */ = {isa = PBXFileReference; fileEncoding = 4; lastKnownFileType = sourcecode.c.h; path = "UIView+TXExtension.h"; sourceTree = "<group>"; };
		9AFB2F0622E9553000D4EB32 /* NSObject+TXSelector.h */ = {isa = PBXFileReference; fileEncoding = 4; lastKnownFileType = sourcecode.c.h; path = "NSObject+TXSelector.h"; sourceTree = "<group>"; };
		9AFB2F0722E9553000D4EB32 /* UIButton+TXInit.m */ = {isa = PBXFileReference; fileEncoding = 4; lastKnownFileType = sourcecode.c.objc; path = "UIButton+TXInit.m"; sourceTree = "<group>"; };
		9AFB2F0822E9553000D4EB32 /* NSMutableParagraphStyle+BM.m */ = {isa = PBXFileReference; fileEncoding = 4; lastKnownFileType = sourcecode.c.objc; path = "NSMutableParagraphStyle+BM.m"; sourceTree = "<group>"; };
/* End PBXFileReference section */

/* Begin PBXFrameworksBuildPhase section */
		9AFB2E8B22E932BC00D4EB32 /* Frameworks */ = {
			isa = PBXFrameworksBuildPhase;
			buildActionMask = 2147483647;
			files = (
			);
			runOnlyForDeploymentPostprocessing = 0;
		};
		9AFB2EA322E932BE00D4EB32 /* Frameworks */ = {
			isa = PBXFrameworksBuildPhase;
			buildActionMask = 2147483647;
			files = (
			);
			runOnlyForDeploymentPostprocessing = 0;
		};
		9AFB2EAE22E932BE00D4EB32 /* Frameworks */ = {
			isa = PBXFrameworksBuildPhase;
			buildActionMask = 2147483647;
			files = (
			);
			runOnlyForDeploymentPostprocessing = 0;
		};
/* End PBXFrameworksBuildPhase section */

/* Begin PBXGroup section */
		9AFB2E8522E932BC00D4EB32 = {
			isa = PBXGroup;
			children = (
				9AFB2E9022E932BC00D4EB32 /* wdyCategory */,
				9AFB2EA922E932BE00D4EB32 /* wdyCategoryTests */,
				9AFB2EB422E932BE00D4EB32 /* wdyCategoryUITests */,
				9AFB2E8F22E932BC00D4EB32 /* Products */,
			);
			sourceTree = "<group>";
		};
		9AFB2E8F22E932BC00D4EB32 /* Products */ = {
			isa = PBXGroup;
			children = (
				9AFB2E8E22E932BC00D4EB32 /* wdyCategory.app */,
				9AFB2EA622E932BE00D4EB32 /* wdyCategoryTests.xctest */,
				9AFB2EB122E932BE00D4EB32 /* wdyCategoryUITests.xctest */,
			);
			name = Products;
			sourceTree = "<group>";
		};
		9AFB2E9022E932BC00D4EB32 /* wdyCategory */ = {
			isa = PBXGroup;
			children = (
				9AFB2EC322E932D300D4EB32 /* category */,
				9AFB2E9122E932BC00D4EB32 /* AppDelegate.h */,
				9AFB2E9222E932BC00D4EB32 /* AppDelegate.m */,
				9AFB2E9422E932BC00D4EB32 /* ViewController.h */,
				9AFB2E9522E932BC00D4EB32 /* ViewController.m */,
				9AFB2E9722E932BC00D4EB32 /* Main.storyboard */,
				9AFB2E9A22E932BE00D4EB32 /* Assets.xcassets */,
				9AFB2E9C22E932BE00D4EB32 /* LaunchScreen.storyboard */,
				9AFB2E9F22E932BE00D4EB32 /* Info.plist */,
				9AFB2EA022E932BE00D4EB32 /* main.m */,
			);
			path = wdyCategory;
			sourceTree = "<group>";
		};
		9AFB2EA922E932BE00D4EB32 /* wdyCategoryTests */ = {
			isa = PBXGroup;
			children = (
				9AFB2EAA22E932BE00D4EB32 /* wdyCategoryTests.m */,
				9AFB2EAC22E932BE00D4EB32 /* Info.plist */,
			);
			path = wdyCategoryTests;
			sourceTree = "<group>";
		};
		9AFB2EB422E932BE00D4EB32 /* wdyCategoryUITests */ = {
			isa = PBXGroup;
			children = (
				9AFB2EB522E932BE00D4EB32 /* wdyCategoryUITests.m */,
				9AFB2EB722E932BE00D4EB32 /* Info.plist */,
			);
			path = wdyCategoryUITests;
			sourceTree = "<group>";
		};
		9AFB2EC322E932D300D4EB32 /* category */ = {
			isa = PBXGroup;
			children = (
				9AFB2EDA22E9552C00D4EB32 /* MBProgressHUD+TXAdd.h */,
				9AFB2EDC22E9552C00D4EB32 /* MBProgressHUD+TXAdd.m */,
				9AFB2EEF22E9552E00D4EB32 /* NSBundle+TXUtilsAddition.h */,
				9AFB2EFC22E9552F00D4EB32 /* NSBundle+TXUtilsAddition.m */,
				9AFB2ED322E9552C00D4EB32 /* NSData+GZip.h */,
				9AFB2EDF22E9552C00D4EB32 /* NSData+GZip.m */,
				9AFB2ED222E9552B00D4EB32 /* NSDate+TXAdditions.h */,
				9AFB2EF322E9552E00D4EB32 /* NSDate+TXAdditions.m */,
				9AFB2ECB22E9552B00D4EB32 /* NSMutableParagraphStyle+BM.h */,
				9AFB2F0822E9553000D4EB32 /* NSMutableParagraphStyle+BM.m */,
				9AFB2EED22E9552D00D4EB32 /* NSObject+NullSafe.h */,
				9AFB2EE622E9552D00D4EB32 /* NSObject+NullSafe.m */,
				9AFB2EEB22E9552D00D4EB32 /* NSObject+TXCopying.h */,
				9AFB2EF522E9552E00D4EB32 /* NSObject+TXCopying.m */,
				9AFB2F0622E9553000D4EB32 /* NSObject+TXSelector.h */,
				9AFB2EFE22E9552F00D4EB32 /* NSObject+TXSelector.m */,
				9AFB2EE022E9552C00D4EB32 /* NSString+TXCategory.h */,
				9AFB2ED022E9552B00D4EB32 /* NSString+TXCategory.m */,
				9AFB2EF222E9552E00D4EB32 /* SAMKeychain+TXUtil.h */,
				9AFB2EF122E9552E00D4EB32 /* SAMKeychain+TXUtil.m */,
				9AFB2EEA22E9552D00D4EB32 /* TXUtilsCatogery.h */,
				9AFB2EFA22E9552E00D4EB32 /* UIBarButtonItem+TXAdditions.h */,
				9AFB2ECE22E9552B00D4EB32 /* UIBarButtonItem+TXAdditions.m */,
				9AFB2ED922E9552C00D4EB32 /* UIButton+TXInit.h */,
				9AFB2F0722E9553000D4EB32 /* UIButton+TXInit.m */,
				9AFB2F0022E9552F00D4EB32 /* UIColor_TXHexColor.h */,
				9AFB2EE722E9552D00D4EB32 /* UIFont+TXFont.h */,
				9AFB2EF422E9552E00D4EB32 /* UIFont+TXFont.m */,
				9AFB2EEE22E9552D00D4EB32 /* UIImage+TXBundle.h */,
				9AFB2ED122E9552B00D4EB32 /* UIImage+TXBundle.m */,
				9AFB2EF022E9552E00D4EB32 /* UIImage+TXCornerImage.h */,
				9AFB2EE122E9552C00D4EB32 /* UIImage+TXCornerImage.m */,
				9AFB2EE222E9552C00D4EB32 /* UIImageView+TXImageView.h */,
				9AFB2ED522E9552C00D4EB32 /* UIImageView+TXImageView.m */,
				9AFB2ECD22E9552B00D4EB32 /* UILabel+Additions.h */,
				9AFB2EF822E9552E00D4EB32 /* UILabel+Additions.m */,
				9AFB2ED622E9552C00D4EB32 /* UILabel+TXInit.h */,
				9AFB2EF622E9552E00D4EB32 /* UILabel+TXInit.m */,
				9AFB2F0322E9552F00D4EB32 /* UINavigationBar+Awesome.h */,
				9AFB2ECC22E9552B00D4EB32 /* UINavigationBar+Awesome.m */,
				9AFB2EF722E9552E00D4EB32 /* UISearchBar+RAC.h */,
				9AFB2EE422E9552D00D4EB32 /* UISearchBar+RAC.m */,
				9AFB2F0122E9552F00D4EB32 /* UISearchBar+TXAdd.h */,
				9AFB2EFF22E9552F00D4EB32 /* UISearchBar+TXAdd.m */,
				9AFB2F0222E9552F00D4EB32 /* UISearchController+RAC.h */,
				9AFB2EE322E9552D00D4EB32 /* UISearchController+RAC.m */,
				9AFB2EDD22E9552C00D4EB32 /* UITabBar+TXAdditions.h */,
				9AFB2EDE22E9552C00D4EB32 /* UITabBar+TXAdditions.m */,
				9AFB2F0422E9552F00D4EB32 /* UITextField+Provider.h */,
				9AFB2EDB22E9552C00D4EB32 /* UITextField+Provider.m */,
				9AFB2EFD22E9552F00D4EB32 /* UIView+MKBadgeValue.h */,
				9AFB2EE822E9552D00D4EB32 /* UIView+MKBadgeValue.m */,
				9AFB2EEC22E9552D00D4EB32 /* UIView+TXAdditions.h */,
				9AFB2ECF22E9552B00D4EB32 /* UIView+TXAdditions.m */,
				9AFB2F0522E9553000D4EB32 /* UIView+TXExtension.h */,
				9AFB2EE522E9552D00D4EB32 /* UIView+TXExtension.m */,
				9AFB2EE922E9552D00D4EB32 /* UIViewController+TXDealloc.h */,
				9AFB2ED422E9552C00D4EB32 /* UIViewController+TXDealloc.m */,
				9AFB2ED722E9552C00D4EB32 /* UIViewController+TXSystemBackButtonHandler.h */,
				9AFB2EF922E9552E00D4EB32 /* UIViewController+TXSystemBackButtonHandler.m */,
				9AFB2ED822E9552C00D4EB32 /* YYCache+TXAdditions.h */,
				9AFB2EFB22E9552F00D4EB32 /* YYCache+TXAdditions.m */,
			);
			path = category;
			sourceTree = "<group>";
		};
/* End PBXGroup section */

/* Begin PBXNativeTarget section */
		9AFB2E8D22E932BC00D4EB32 /* wdyCategory */ = {
			isa = PBXNativeTarget;
			buildConfigurationList = 9AFB2EBA22E932BE00D4EB32 /* Build configuration list for PBXNativeTarget "wdyCategory" */;
			buildPhases = (
				9AFB2E8A22E932BC00D4EB32 /* Sources */,
				9AFB2E8B22E932BC00D4EB32 /* Frameworks */,
				9AFB2E8C22E932BC00D4EB32 /* Resources */,
			);
			buildRules = (
			);
			dependencies = (
			);
			name = wdyCategory;
			productName = wdyCategory;
			productReference = 9AFB2E8E22E932BC00D4EB32 /* wdyCategory.app */;
			productType = "com.apple.product-type.application";
		};
		9AFB2EA522E932BE00D4EB32 /* wdyCategoryTests */ = {
			isa = PBXNativeTarget;
			buildConfigurationList = 9AFB2EBD22E932BE00D4EB32 /* Build configuration list for PBXNativeTarget "wdyCategoryTests" */;
			buildPhases = (
				9AFB2EA222E932BE00D4EB32 /* Sources */,
				9AFB2EA322E932BE00D4EB32 /* Frameworks */,
				9AFB2EA422E932BE00D4EB32 /* Resources */,
			);
			buildRules = (
			);
			dependencies = (
				9AFB2EA822E932BE00D4EB32 /* PBXTargetDependency */,
			);
			name = wdyCategoryTests;
			productName = wdyCategoryTests;
			productReference = 9AFB2EA622E932BE00D4EB32 /* wdyCategoryTests.xctest */;
			productType = "com.apple.product-type.bundle.unit-test";
		};
		9AFB2EB022E932BE00D4EB32 /* wdyCategoryUITests */ = {
			isa = PBXNativeTarget;
			buildConfigurationList = 9AFB2EC022E932BE00D4EB32 /* Build configuration list for PBXNativeTarget "wdyCategoryUITests" */;
			buildPhases = (
				9AFB2EAD22E932BE00D4EB32 /* Sources */,
				9AFB2EAE22E932BE00D4EB32 /* Frameworks */,
				9AFB2EAF22E932BE00D4EB32 /* Resources */,
			);
			buildRules = (
			);
			dependencies = (
				9AFB2EB322E932BE00D4EB32 /* PBXTargetDependency */,
			);
			name = wdyCategoryUITests;
			productName = wdyCategoryUITests;
			productReference = 9AFB2EB122E932BE00D4EB32 /* wdyCategoryUITests.xctest */;
			productType = "com.apple.product-type.bundle.ui-testing";
		};
/* End PBXNativeTarget section */

/* Begin PBXProject section */
		9AFB2E8622E932BC00D4EB32 /* Project object */ = {
			isa = PBXProject;
			attributes = {
				LastUpgradeCheck = 1020;
				ORGANIZATIONNAME = Macmini;
				TargetAttributes = {
					9AFB2E8D22E932BC00D4EB32 = {
						CreatedOnToolsVersion = 10.2.1;
					};
					9AFB2EA522E932BE00D4EB32 = {
						CreatedOnToolsVersion = 10.2.1;
						TestTargetID = 9AFB2E8D22E932BC00D4EB32;
					};
					9AFB2EB022E932BE00D4EB32 = {
						CreatedOnToolsVersion = 10.2.1;
						TestTargetID = 9AFB2E8D22E932BC00D4EB32;
					};
				};
			};
			buildConfigurationList = 9AFB2E8922E932BC00D4EB32 /* Build configuration list for PBXProject "wdyCategory" */;
			compatibilityVersion = "Xcode 9.3";
			developmentRegion = en;
			hasScannedForEncodings = 0;
			knownRegions = (
				en,
				Base,
			);
			mainGroup = 9AFB2E8522E932BC00D4EB32;
			productRefGroup = 9AFB2E8F22E932BC00D4EB32 /* Products */;
			projectDirPath = "";
			projectRoot = "";
			targets = (
				9AFB2E8D22E932BC00D4EB32 /* wdyCategory */,
				9AFB2EA522E932BE00D4EB32 /* wdyCategoryTests */,
				9AFB2EB022E932BE00D4EB32 /* wdyCategoryUITests */,
			);
		};
/* End PBXProject section */

/* Begin PBXResourcesBuildPhase section */
		9AFB2E8C22E932BC00D4EB32 /* Resources */ = {
			isa = PBXResourcesBuildPhase;
			buildActionMask = 2147483647;
			files = (
				9AFB2E9E22E932BE00D4EB32 /* LaunchScreen.storyboard in Resources */,
				9AFB2E9B22E932BE00D4EB32 /* Assets.xcassets in Resources */,
				9AFB2E9922E932BC00D4EB32 /* Main.storyboard in Resources */,
			);
			runOnlyForDeploymentPostprocessing = 0;
		};
		9AFB2EA422E932BE00D4EB32 /* Resources */ = {
			isa = PBXResourcesBuildPhase;
			buildActionMask = 2147483647;
			files = (
			);
			runOnlyForDeploymentPostprocessing = 0;
		};
		9AFB2EAF22E932BE00D4EB32 /* Resources */ = {
			isa = PBXResourcesBuildPhase;
			buildActionMask = 2147483647;
			files = (
			);
			runOnlyForDeploymentPostprocessing = 0;
		};
/* End PBXResourcesBuildPhase section */

/* Begin PBXSourcesBuildPhase section */
		9AFB2E8A22E932BC00D4EB32 /* Sources */ = {
			isa = PBXSourcesBuildPhase;
			buildActionMask = 2147483647;
			files = (
				9AFB2F1422E9553000D4EB32 /* UIImage+TXCornerImage.m in Sources */,
				9AFB2F2022E9553000D4EB32 /* UIViewController+TXSystemBackButtonHandler.m in Sources */,
				9AFB2F0C22E9553000D4EB32 /* NSString+TXCategory.m in Sources */,
				9AFB2F1122E9553000D4EB32 /* MBProgressHUD+TXAdd.m in Sources */,
				9AFB2F1022E9553000D4EB32 /* UITextField+Provider.m in Sources */,
				9AFB2F1A22E9553000D4EB32 /* SAMKeychain+TXUtil.m in Sources */,
				9AFB2F1722E9553000D4EB32 /* UIView+TXExtension.m in Sources */,
				9AFB2E9622E932BC00D4EB32 /* ViewController.m in Sources */,
				9AFB2F1622E9553000D4EB32 /* UISearchBar+RAC.m in Sources */,
				9AFB2F2422E9553000D4EB32 /* UISearchBar+TXAdd.m in Sources */,
				9AFB2F1C22E9553000D4EB32 /* UIFont+TXFont.m in Sources */,
				9AFB2F1322E9553000D4EB32 /* NSData+GZip.m in Sources */,
				9AFB2F1222E9553000D4EB32 /* UITabBar+TXAdditions.m in Sources */,
				9AFB2EA122E932BE00D4EB32 /* main.m in Sources */,
				9AFB2F1F22E9553000D4EB32 /* UILabel+Additions.m in Sources */,
				9AFB2F0F22E9553000D4EB32 /* UIImageView+TXImageView.m in Sources */,
				9AFB2F0A22E9553000D4EB32 /* UIBarButtonItem+TXAdditions.m in Sources */,
				9AFB2F2522E9553000D4EB32 /* UIButton+TXInit.m in Sources */,
				9AFB2F2122E9553000D4EB32 /* YYCache+TXAdditions.m in Sources */,
				9AFB2F0E22E9553000D4EB32 /* UIViewController+TXDealloc.m in Sources */,
				9AFB2F1D22E9553000D4EB32 /* NSObject+TXCopying.m in Sources */,
				9AFB2E9322E932BC00D4EB32 /* AppDelegate.m in Sources */,
				9AFB2F1522E9553000D4EB32 /* UISearchController+RAC.m in Sources */,
				9AFB2F0B22E9553000D4EB32 /* UIView+TXAdditions.m in Sources */,
				9AFB2F2622E9553000D4EB32 /* NSMutableParagraphStyle+BM.m in Sources */,
				9AFB2F1922E9553000D4EB32 /* UIView+MKBadgeValue.m in Sources */,
				9AFB2F1B22E9553000D4EB32 /* NSDate+TXAdditions.m in Sources */,
				9AFB2F1E22E9553000D4EB32 /* UILabel+TXInit.m in Sources */,
				9AFB2F1822E9553000D4EB32 /* NSObject+NullSafe.m in Sources */,
				9AFB2F0922E9553000D4EB32 /* UINavigationBar+Awesome.m in Sources */,
				9AFB2F0D22E9553000D4EB32 /* UIImage+TXBundle.m in Sources */,
				9AFB2F2322E9553000D4EB32 /* NSObject+TXSelector.m in Sources */,
				9AFB2F2222E9553000D4EB32 /* NSBundle+TXUtilsAddition.m in Sources */,
			);
			runOnlyForDeploymentPostprocessing = 0;
		};
		9AFB2EA222E932BE00D4EB32 /* Sources */ = {
			isa = PBXSourcesBuildPhase;
			buildActionMask = 2147483647;
			files = (
				9AFB2EAB22E932BE00D4EB32 /* wdyCategoryTests.m in Sources */,
			);
			runOnlyForDeploymentPostprocessing = 0;
		};
		9AFB2EAD22E932BE00D4EB32 /* Sources */ = {
			isa = PBXSourcesBuildPhase;
			buildActionMask = 2147483647;
			files = (
				9AFB2EB622E932BE00D4EB32 /* wdyCategoryUITests.m in Sources */,
			);
			runOnlyForDeploymentPostprocessing = 0;
		};
/* End PBXSourcesBuildPhase section */

/* Begin PBXTargetDependency section */
		9AFB2EA822E932BE00D4EB32 /* PBXTargetDependency */ = {
			isa = PBXTargetDependency;
			target = 9AFB2E8D22E932BC00D4EB32 /* wdyCategory */;
			targetProxy = 9AFB2EA722E932BE00D4EB32 /* PBXContainerItemProxy */;
		};
		9AFB2EB322E932BE00D4EB32 /* PBXTargetDependency */ = {
			isa = PBXTargetDependency;
			target = 9AFB2E8D22E932BC00D4EB32 /* wdyCategory */;
			targetProxy = 9AFB2EB222E932BE00D4EB32 /* PBXContainerItemProxy */;
		};
/* End PBXTargetDependency section */

/* Begin PBXVariantGroup section */
		9AFB2E9722E932BC00D4EB32 /* Main.storyboard */ = {
			isa = PBXVariantGroup;
			children = (
				9AFB2E9822E932BC00D4EB32 /* Base */,
			);
			name = Main.storyboard;
			sourceTree = "<group>";
		};
		9AFB2E9C22E932BE00D4EB32 /* LaunchScreen.storyboard */ = {
			isa = PBXVariantGroup;
			children = (
				9AFB2E9D22E932BE00D4EB32 /* Base */,
			);
			name = LaunchScreen.storyboard;
			sourceTree = "<group>";
		};
/* End PBXVariantGroup section */

/* Begin XCBuildConfiguration section */
		9AFB2EB822E932BE00D4EB32 /* Debug */ = {
			isa = XCBuildConfiguration;
			buildSettings = {
				ALWAYS_SEARCH_USER_PATHS = NO;
				CLANG_ANALYZER_NONNULL = YES;
				CLANG_ANALYZER_NUMBER_OBJECT_CONVERSION = YES_AGGRESSIVE;
				CLANG_CXX_LANGUAGE_STANDARD = "gnu++14";
				CLANG_CXX_LIBRARY = "libc++";
				CLANG_ENABLE_MODULES = YES;
				CLANG_ENABLE_OBJC_ARC = YES;
				CLANG_ENABLE_OBJC_WEAK = YES;
				CLANG_WARN_BLOCK_CAPTURE_AUTORELEASING = YES;
				CLANG_WARN_BOOL_CONVERSION = YES;
				CLANG_WARN_COMMA = YES;
				CLANG_WARN_CONSTANT_CONVERSION = YES;
				CLANG_WARN_DEPRECATED_OBJC_IMPLEMENTATIONS = YES;
				CLANG_WARN_DIRECT_OBJC_ISA_USAGE = YES_ERROR;
				CLANG_WARN_DOCUMENTATION_COMMENTS = YES;
				CLANG_WARN_EMPTY_BODY = YES;
				CLANG_WARN_ENUM_CONVERSION = YES;
				CLANG_WARN_INFINITE_RECURSION = YES;
				CLANG_WARN_INT_CONVERSION = YES;
				CLANG_WARN_NON_LITERAL_NULL_CONVERSION = YES;
				CLANG_WARN_OBJC_IMPLICIT_RETAIN_SELF = YES;
				CLANG_WARN_OBJC_LITERAL_CONVERSION = YES;
				CLANG_WARN_OBJC_ROOT_CLASS = YES_ERROR;
				CLANG_WARN_RANGE_LOOP_ANALYSIS = YES;
				CLANG_WARN_STRICT_PROTOTYPES = YES;
				CLANG_WARN_SUSPICIOUS_MOVE = YES;
				CLANG_WARN_UNGUARDED_AVAILABILITY = YES_AGGRESSIVE;
				CLANG_WARN_UNREACHABLE_CODE = YES;
				CLANG_WARN__DUPLICATE_METHOD_MATCH = YES;
				CODE_SIGN_IDENTITY = "iPhone Developer";
				COPY_PHASE_STRIP = NO;
				DEBUG_INFORMATION_FORMAT = dwarf;
				ENABLE_STRICT_OBJC_MSGSEND = YES;
				ENABLE_TESTABILITY = YES;
				GCC_C_LANGUAGE_STANDARD = gnu11;
				GCC_DYNAMIC_NO_PIC = NO;
				GCC_NO_COMMON_BLOCKS = YES;
				GCC_OPTIMIZATION_LEVEL = 0;
				GCC_PREPROCESSOR_DEFINITIONS = (
					"DEBUG=1",
					"$(inherited)",
				);
				GCC_WARN_64_TO_32_BIT_CONVERSION = YES;
				GCC_WARN_ABOUT_RETURN_TYPE = YES_ERROR;
				GCC_WARN_UNDECLARED_SELECTOR = YES;
				GCC_WARN_UNINITIALIZED_AUTOS = YES_AGGRESSIVE;
				GCC_WARN_UNUSED_FUNCTION = YES;
				GCC_WARN_UNUSED_VARIABLE = YES;
				IPHONEOS_DEPLOYMENT_TARGET = 12.2;
				MTL_ENABLE_DEBUG_INFO = INCLUDE_SOURCE;
				MTL_FAST_MATH = YES;
				ONLY_ACTIVE_ARCH = YES;
				SDKROOT = iphoneos;
			};
			name = Debug;
		};
		9AFB2EB922E932BE00D4EB32 /* Release */ = {
			isa = XCBuildConfiguration;
			buildSettings = {
				ALWAYS_SEARCH_USER_PATHS = NO;
				CLANG_ANALYZER_NONNULL = YES;
				CLANG_ANALYZER_NUMBER_OBJECT_CONVERSION = YES_AGGRESSIVE;
				CLANG_CXX_LANGUAGE_STANDARD = "gnu++14";
				CLANG_CXX_LIBRARY = "libc++";
				CLANG_ENABLE_MODULES = YES;
				CLANG_ENABLE_OBJC_ARC = YES;
				CLANG_ENABLE_OBJC_WEAK = YES;
				CLANG_WARN_BLOCK_CAPTURE_AUTORELEASING = YES;
				CLANG_WARN_BOOL_CONVERSION = YES;
				CLANG_WARN_COMMA = YES;
				CLANG_WARN_CONSTANT_CONVERSION = YES;
				CLANG_WARN_DEPRECATED_OBJC_IMPLEMENTATIONS = YES;
				CLANG_WARN_DIRECT_OBJC_ISA_USAGE = YES_ERROR;
				CLANG_WARN_DOCUMENTATION_COMMENTS = YES;
				CLANG_WARN_EMPTY_BODY = YES;
				CLANG_WARN_ENUM_CONVERSION = YES;
				CLANG_WARN_INFINITE_RECURSION = YES;
				CLANG_WARN_INT_CONVERSION = YES;
				CLANG_WARN_NON_LITERAL_NULL_CONVERSION = YES;
				CLANG_WARN_OBJC_IMPLICIT_RETAIN_SELF = YES;
				CLANG_WARN_OBJC_LITERAL_CONVERSION = YES;
				CLANG_WARN_OBJC_ROOT_CLASS = YES_ERROR;
				CLANG_WARN_RANGE_LOOP_ANALYSIS = YES;
				CLANG_WARN_STRICT_PROTOTYPES = YES;
				CLANG_WARN_SUSPICIOUS_MOVE = YES;
				CLANG_WARN_UNGUARDED_AVAILABILITY = YES_AGGRESSIVE;
				CLANG_WARN_UNREACHABLE_CODE = YES;
				CLANG_WARN__DUPLICATE_METHOD_MATCH = YES;
				CODE_SIGN_IDENTITY = "iPhone Developer";
				COPY_PHASE_STRIP = NO;
				DEBUG_INFORMATION_FORMAT = "dwarf-with-dsym";
				ENABLE_NS_ASSERTIONS = NO;
				ENABLE_STRICT_OBJC_MSGSEND = YES;
				GCC_C_LANGUAGE_STANDARD = gnu11;
				GCC_NO_COMMON_BLOCKS = YES;
				GCC_WARN_64_TO_32_BIT_CONVERSION = YES;
				GCC_WARN_ABOUT_RETURN_TYPE = YES_ERROR;
				GCC_WARN_UNDECLARED_SELECTOR = YES;
				GCC_WARN_UNINITIALIZED_AUTOS = YES_AGGRESSIVE;
				GCC_WARN_UNUSED_FUNCTION = YES;
				GCC_WARN_UNUSED_VARIABLE = YES;
				IPHONEOS_DEPLOYMENT_TARGET = 12.2;
				MTL_ENABLE_DEBUG_INFO = NO;
				MTL_FAST_MATH = YES;
				SDKROOT = iphoneos;
				VALIDATE_PRODUCT = YES;
			};
			name = Release;
		};
		9AFB2EBB22E932BE00D4EB32 /* Debug */ = {
			isa = XCBuildConfiguration;
			buildSettings = {
				ASSETCATALOG_COMPILER_APPICON_NAME = AppIcon;
				CODE_SIGN_STYLE = Automatic;
				DEVELOPMENT_TEAM = UKN88ZK5LF;
				INFOPLIST_FILE = wdyCategory/Info.plist;
				LD_RUNPATH_SEARCH_PATHS = (
					"$(inherited)",
					"@executable_path/Frameworks",
				);
				PRODUCT_BUNDLE_IDENTIFIER = wdy.wdyCategory;
				PRODUCT_NAME = "$(TARGET_NAME)";
				TARGETED_DEVICE_FAMILY = "1,2";
			};
			name = Debug;
		};
		9AFB2EBC22E932BE00D4EB32 /* Release */ = {
			isa = XCBuildConfiguration;
			buildSettings = {
				ASSETCATALOG_COMPILER_APPICON_NAME = AppIcon;
				CODE_SIGN_STYLE = Automatic;
				DEVELOPMENT_TEAM = UKN88ZK5LF;
				INFOPLIST_FILE = wdyCategory/Info.plist;
				LD_RUNPATH_SEARCH_PATHS = (
					"$(inherited)",
					"@executable_path/Frameworks",
				);
				PRODUCT_BUNDLE_IDENTIFIER = wdy.wdyCategory;
				PRODUCT_NAME = "$(TARGET_NAME)";
				TARGETED_DEVICE_FAMILY = "1,2";
			};
			name = Release;
		};
		9AFB2EBE22E932BE00D4EB32 /* Debug */ = {
			isa = XCBuildConfiguration;
			buildSettings = {
				BUNDLE_LOADER = "$(TEST_HOST)";
				CODE_SIGN_STYLE = Automatic;
				DEVELOPMENT_TEAM = UKN88ZK5LF;
				INFOPLIST_FILE = wdyCategoryTests/Info.plist;
				LD_RUNPATH_SEARCH_PATHS = (
					"$(inherited)",
					"@executable_path/Frameworks",
					"@loader_path/Frameworks",
				);
				PRODUCT_BUNDLE_IDENTIFIER = wdy.wdyCategoryTests;
				PRODUCT_NAME = "$(TARGET_NAME)";
				TARGETED_DEVICE_FAMILY = "1,2";
				TEST_HOST = "$(BUILT_PRODUCTS_DIR)/wdyCategory.app/wdyCategory";
			};
			name = Debug;
		};
		9AFB2EBF22E932BE00D4EB32 /* Release */ = {
			isa = XCBuildConfiguration;
			buildSettings = {
				BUNDLE_LOADER = "$(TEST_HOST)";
				CODE_SIGN_STYLE = Automatic;
				DEVELOPMENT_TEAM = UKN88ZK5LF;
				INFOPLIST_FILE = wdyCategoryTests/Info.plist;
				LD_RUNPATH_SEARCH_PATHS = (
					"$(inherited)",
					"@executable_path/Frameworks",
					"@loader_path/Frameworks",
				);
				PRODUCT_BUNDLE_IDENTIFIER = wdy.wdyCategoryTests;
				PRODUCT_NAME = "$(TARGET_NAME)";
				TARGETED_DEVICE_FAMILY = "1,2";
				TEST_HOST = "$(BUILT_PRODUCTS_DIR)/wdyCategory.app/wdyCategory";
			};
			name = Release;
		};
		9AFB2EC122E932BE00D4EB32 /* Debug */ = {
			isa = XCBuildConfiguration;
			buildSettings = {
				CODE_SIGN_STYLE = Automatic;
				DEVELOPMENT_TEAM = UKN88ZK5LF;
				INFOPLIST_FILE = wdyCategoryUITests/Info.plist;
				LD_RUNPATH_SEARCH_PATHS = (
					"$(inherited)",
					"@executable_path/Frameworks",
					"@loader_path/Frameworks",
				);
				PRODUCT_BUNDLE_IDENTIFIER = wdy.wdyCategoryUITests;
				PRODUCT_NAME = "$(TARGET_NAME)";
				TARGETED_DEVICE_FAMILY = "1,2";
				TEST_TARGET_NAME = wdyCategory;
			};
			name = Debug;
		};
		9AFB2EC222E932BE00D4EB32 /* Release */ = {
			isa = XCBuildConfiguration;
			buildSettings = {
				CODE_SIGN_STYLE = Automatic;
				DEVELOPMENT_TEAM = UKN88ZK5LF;
				INFOPLIST_FILE = wdyCategoryUITests/Info.plist;
				LD_RUNPATH_SEARCH_PATHS = (
					"$(inherited)",
					"@executable_path/Frameworks",
					"@loader_path/Frameworks",
				);
				PRODUCT_BUNDLE_IDENTIFIER = wdy.wdyCategoryUITests;
				PRODUCT_NAME = "$(TARGET_NAME)";
				TARGETED_DEVICE_FAMILY = "1,2";
				TEST_TARGET_NAME = wdyCategory;
			};
			name = Release;
		};
/* End XCBuildConfiguration section */

/* Begin XCConfigurationList section */
		9AFB2E8922E932BC00D4EB32 /* Build configuration list for PBXProject "wdyCategory" */ = {
			isa = XCConfigurationList;
			buildConfigurations = (
				9AFB2EB822E932BE00D4EB32 /* Debug */,
				9AFB2EB922E932BE00D4EB32 /* Release */,
			);
			defaultConfigurationIsVisible = 0;
			defaultConfigurationName = Release;
		};
		9AFB2EBA22E932BE00D4EB32 /* Build configuration list for PBXNativeTarget "wdyCategory" */ = {
			isa = XCConfigurationList;
			buildConfigurations = (
				9AFB2EBB22E932BE00D4EB32 /* Debug */,
				9AFB2EBC22E932BE00D4EB32 /* Release */,
			);
			defaultConfigurationIsVisible = 0;
			defaultConfigurationName = Release;
		};
		9AFB2EBD22E932BE00D4EB32 /* Build configuration list for PBXNativeTarget "wdyCategoryTests" */ = {
			isa = XCConfigurationList;
			buildConfigurations = (
				9AFB2EBE22E932BE00D4EB32 /* Debug */,
				9AFB2EBF22E932BE00D4EB32 /* Release */,
			);
			defaultConfigurationIsVisible = 0;
			defaultConfigurationName = Release;
		};
		9AFB2EC022E932BE00D4EB32 /* Build configuration list for PBXNativeTarget "wdyCategoryUITests" */ = {
			isa = XCConfigurationList;
			buildConfigurations = (
				9AFB2EC122E932BE00D4EB32 /* Debug */,
				9AFB2EC222E932BE00D4EB32 /* Release */,
			);
			defaultConfigurationIsVisible = 0;
			defaultConfigurationName = Release;
		};
/* End XCConfigurationList section */
	};
	rootObject = 9AFB2E8622E932BC00D4EB32 /* Project object */;
}
